
Microsoft Visual Studio Solution File, Format Version 12.00
# Visual Studio Version 17
VisualStudioVersion = 17.4.33403.182
MinimumVisualStudioVersion = 10.0.40219.1
Project("{FAE04EC0-301F-11D3-BF4B-00C04F79EFBC}") = "picturebox", "picturebox\picturebox.csproj", "{74B4CEFC-3B5D-4CCB-A29E-E10051B65072}"
EndProject
Global
	GlobalSection(SolutionConfigurationPlatforms) = preSolution
		Debug|Any CPU = Debug|Any CPU
		Release|Any CPU = Release|Any CPU
	EndGlobalSection
	GlobalSection(ProjectConfigurationPlatforms) = postSolution
		{74B4CEFC-3B5D-4CCB-A29E-E10051B65072}.Debug|Any CPU.ActiveCfg = Debug|Any CPU
		{74B4CEFC-3B5D-4CCB-A29E-E10051B65072}.Debug|Any CPU.Build.0 = Debug|Any CPU
		{74B4CEFC-3B5D-4CCB-A29E-E10051B65072}.Release|Any CPU.ActiveCfg = Release|Any CPU
		{74B4CEFC-3B5D-4CCB-A29E-E10051B65072}.Release|Any CPU.Build.0 = Release|Any CPU
	EndGlobalSection
	GlobalSection(SolutionProperties) = preSolution
		HideSolutionNode = FALSE
	EndGlobalSection
	GlobalSection(ExtensibilityGlobals) = postSolution
		SolutionGuid = {BF19831A-15DF-49A3-BDBE-0FC9403B53C1}
	EndGlobalSection
EndGlobal
