
Microsoft Visual Studio Solution File, Format Version 12.00
# Visual Studio Version 17
VisualStudioVersion = 17.4.33403.182
MinimumVisualStudioVersion = 10.0.40219.1
Project("{FAE04EC0-301F-11D3-BF4B-00C04F79EFBC}") = "toolboxExercie", "toolboxExercie\toolboxExercie.csproj", "{6A2D4819-086A-4923-93DB-9F8DC37C868B}"
EndProject
Global
	GlobalSection(SolutionConfigurationPlatforms) = preSolution
		Debug|Any CPU = Debug|Any CPU
		Release|Any CPU = Release|Any CPU
	EndGlobalSection
	GlobalSection(ProjectConfigurationPlatforms) = postSolution
		{6A2D4819-086A-4923-93DB-9F8DC37C868B}.Debug|Any CPU.ActiveCfg = Debug|Any CPU
		{6A2D4819-086A-4923-93DB-9F8DC37C868B}.Debug|Any CPU.Build.0 = Debug|Any CPU
		{6A2D4819-086A-4923-93DB-9F8DC37C868B}.Release|Any CPU.ActiveCfg = Release|Any CPU
		{6A2D4819-086A-4923-93DB-9F8DC37C868B}.Release|Any CPU.Build.0 = Release|Any CPU
	EndGlobalSection
	GlobalSection(SolutionProperties) = preSolution
		HideSolutionNode = FALSE
	EndGlobalSection
	GlobalSection(ExtensibilityGlobals) = postSolution
		SolutionGuid = {1B32F9A4-E157-4E09-A20C-D75B20781E9E}
	EndGlobalSection
EndGlobal
