
Microsoft Visual Studio Solution File, Format Version 12.00
# Visual Studio Version 17
VisualStudioVersion = 17.5.33414.496
MinimumVisualStudioVersion = 10.0.40219.1
Project("{FAE04EC0-301F-11D3-BF4B-00C04F79EFBC}") = "void_class", "void_class\void_class.csproj", "{8477A2C2-F93E-4127-8F34-8CD5D3FB3AFB}"
EndProject
Global
	GlobalSection(SolutionConfigurationPlatforms) = preSolution
		Debug|Any CPU = Debug|Any CPU
		Release|Any CPU = Release|Any CPU
	EndGlobalSection
	GlobalSection(ProjectConfigurationPlatforms) = postSolution
		{8477A2C2-F93E-4127-8F34-8CD5D3FB3AFB}.Debug|Any CPU.ActiveCfg = Debug|Any CPU
		{8477A2C2-F93E-4127-8F34-8CD5D3FB3AFB}.Debug|Any CPU.Build.0 = Debug|Any CPU
		{8477A2C2-F93E-4127-8F34-8CD5D3FB3AFB}.Release|Any CPU.ActiveCfg = Release|Any CPU
		{8477A2C2-F93E-4127-8F34-8CD5D3FB3AFB}.Release|Any CPU.Build.0 = Release|Any CPU
	EndGlobalSection
	GlobalSection(SolutionProperties) = preSolution
		HideSolutionNode = FALSE
	EndGlobalSection
	GlobalSection(ExtensibilityGlobals) = postSolution
		SolutionGuid = {56F06A7E-3269-4B59-9458-7063B4BC667F}
	EndGlobalSection
EndGlobal
