
Microsoft Visual Studio Solution File, Format Version 12.00
# Visual Studio Version 17
VisualStudioVersion = 17.5.33414.496
MinimumVisualStudioVersion = 10.0.40219.1
Project("{FAE04EC0-301F-11D3-BF4B-00C04F79EFBC}") = "dinamik_araclar", "dinamik_araclar\dinamik_araclar.csproj", "{A8B0BAF9-C10E-4BAD-AB8C-B3FFB0B485BD}"
EndProject
Global
	GlobalSection(SolutionConfigurationPlatforms) = preSolution
		Debug|Any CPU = Debug|Any CPU
		Release|Any CPU = Release|Any CPU
	EndGlobalSection
	GlobalSection(ProjectConfigurationPlatforms) = postSolution
		{A8B0BAF9-C10E-4BAD-AB8C-B3FFB0B485BD}.Debug|Any CPU.ActiveCfg = Debug|Any CPU
		{A8B0BAF9-C10E-4BAD-AB8C-B3FFB0B485BD}.Debug|Any CPU.Build.0 = Debug|Any CPU
		{A8B0BAF9-C10E-4BAD-AB8C-B3FFB0B485BD}.Release|Any CPU.ActiveCfg = Release|Any CPU
		{A8B0BAF9-C10E-4BAD-AB8C-B3FFB0B485BD}.Release|Any CPU.Build.0 = Release|Any CPU
	EndGlobalSection
	GlobalSection(SolutionProperties) = preSolution
		HideSolutionNode = FALSE
	EndGlobalSection
	GlobalSection(ExtensibilityGlobals) = postSolution
		SolutionGuid = {64099201-C17E-480F-BC33-33161BC8F404}
	EndGlobalSection
EndGlobal
