
Microsoft Visual Studio Solution File, Format Version 12.00
# Visual Studio Version 17
VisualStudioVersion = 17.5.33414.496
MinimumVisualStudioVersion = 10.0.40219.1
Project("{FAE04EC0-301F-11D3-BF4B-00C04F79EFBC}") = "return_metot", "return_metot\return_metot.csproj", "{0E29780E-B0B5-467A-9E2A-B11CBB2C8965}"
EndProject
Global
	GlobalSection(SolutionConfigurationPlatforms) = preSolution
		Debug|Any CPU = Debug|Any CPU
		Release|Any CPU = Release|Any CPU
	EndGlobalSection
	GlobalSection(ProjectConfigurationPlatforms) = postSolution
		{0E29780E-B0B5-467A-9E2A-B11CBB2C8965}.Debug|Any CPU.ActiveCfg = Debug|Any CPU
		{0E29780E-B0B5-467A-9E2A-B11CBB2C8965}.Debug|Any CPU.Build.0 = Debug|Any CPU
		{0E29780E-B0B5-467A-9E2A-B11CBB2C8965}.Release|Any CPU.ActiveCfg = Release|Any CPU
		{0E29780E-B0B5-467A-9E2A-B11CBB2C8965}.Release|Any CPU.Build.0 = Release|Any CPU
	EndGlobalSection
	GlobalSection(SolutionProperties) = preSolution
		HideSolutionNode = FALSE
	EndGlobalSection
	GlobalSection(ExtensibilityGlobals) = postSolution
		SolutionGuid = {5DDFBB81-8C6B-49CA-88AA-1C320E5BD563}
	EndGlobalSection
EndGlobal
