
Microsoft Visual Studio Solution File, Format Version 12.00
# Visual Studio Version 17
VisualStudioVersion = 17.5.33414.496
MinimumVisualStudioVersion = 10.0.40219.1
Project("{FAE04EC0-301F-11D3-BF4B-00C04F79EFBC}") = "personel_registration", "personel_registration\personel_registration.csproj", "{3AC77B59-EE34-4AAB-B597-CE4FA336EE88}"
EndProject
Global
	GlobalSection(SolutionConfigurationPlatforms) = preSolution
		Debug|Any CPU = Debug|Any CPU
		Release|Any CPU = Release|Any CPU
	EndGlobalSection
	GlobalSection(ProjectConfigurationPlatforms) = postSolution
		{3AC77B59-EE34-4AAB-B597-CE4FA336EE88}.Debug|Any CPU.ActiveCfg = Debug|Any CPU
		{3AC77B59-EE34-4AAB-B597-CE4FA336EE88}.Debug|Any CPU.Build.0 = Debug|Any CPU
		{3AC77B59-EE34-4AAB-B597-CE4FA336EE88}.Release|Any CPU.ActiveCfg = Release|Any CPU
		{3AC77B59-EE34-4AAB-B597-CE4FA336EE88}.Release|Any CPU.Build.0 = Release|Any CPU
	EndGlobalSection
	GlobalSection(SolutionProperties) = preSolution
		HideSolutionNode = FALSE
	EndGlobalSection
	GlobalSection(ExtensibilityGlobals) = postSolution
		SolutionGuid = {EEEFA942-83C9-4694-8519-846FD68F0C6F}
	EndGlobalSection
EndGlobal
