
Microsoft Visual Studio Solution File, Format Version 12.00
# Visual Studio Version 17
VisualStudioVersion = 17.6.33723.286
MinimumVisualStudioVersion = 10.0.40219.1
Project("{FAE04EC0-301F-11D3-BF4B-00C04F79EFBC}") = "personel_registration", "personel_registration\personel_registration.csproj", "{8775D6A0-6F66-4CF7-90FB-693C43B3646F}"
EndProject
Global
	GlobalSection(SolutionConfigurationPlatforms) = preSolution
		Debug|Any CPU = Debug|Any CPU
		Release|Any CPU = Release|Any CPU
	EndGlobalSection
	GlobalSection(ProjectConfigurationPlatforms) = postSolution
		{8775D6A0-6F66-4CF7-90FB-693C43B3646F}.Debug|Any CPU.ActiveCfg = Debug|Any CPU
		{8775D6A0-6F66-4CF7-90FB-693C43B3646F}.Debug|Any CPU.Build.0 = Debug|Any CPU
		{8775D6A0-6F66-4CF7-90FB-693C43B3646F}.Release|Any CPU.ActiveCfg = Release|Any CPU
		{8775D6A0-6F66-4CF7-90FB-693C43B3646F}.Release|Any CPU.Build.0 = Release|Any CPU
	EndGlobalSection
	GlobalSection(SolutionProperties) = preSolution
		HideSolutionNode = FALSE
	EndGlobalSection
	GlobalSection(ExtensibilityGlobals) = postSolution
		SolutionGuid = {7A56D58F-6FE4-4E4A-9778-64361C5A5477}
	EndGlobalSection
EndGlobal
