
Microsoft Visual Studio Solution File, Format Version 12.00
# Visual Studio Version 17
VisualStudioVersion = 17.5.33414.496
MinimumVisualStudioVersion = 10.0.40219.1
Project("{FAE04EC0-301F-11D3-BF4B-00C04F79EFBC}") = "for_dongusu", "for_dongusu\for_dongusu.csproj", "{DB710626-E5DA-496D-8A96-668620D2463D}"
EndProject
Global
	GlobalSection(SolutionConfigurationPlatforms) = preSolution
		Debug|Any CPU = Debug|Any CPU
		Release|Any CPU = Release|Any CPU
	EndGlobalSection
	GlobalSection(ProjectConfigurationPlatforms) = postSolution
		{DB710626-E5DA-496D-8A96-668620D2463D}.Debug|Any CPU.ActiveCfg = Debug|Any CPU
		{DB710626-E5DA-496D-8A96-668620D2463D}.Debug|Any CPU.Build.0 = Debug|Any CPU
		{DB710626-E5DA-496D-8A96-668620D2463D}.Release|Any CPU.ActiveCfg = Release|Any CPU
		{DB710626-E5DA-496D-8A96-668620D2463D}.Release|Any CPU.Build.0 = Release|Any CPU
	EndGlobalSection
	GlobalSection(SolutionProperties) = preSolution
		HideSolutionNode = FALSE
	EndGlobalSection
	GlobalSection(ExtensibilityGlobals) = postSolution
		SolutionGuid = {8847FA00-4999-4431-8574-2D13BAA21715}
	EndGlobalSection
EndGlobal
