
Microsoft Visual Studio Solution File, Format Version 12.00
# Visual Studio Version 17
VisualStudioVersion = 17.4.33403.182
MinimumVisualStudioVersion = 10.0.40219.1
Project("{FAE04EC0-301F-11D3-BF4B-00C04F79EFBC}") = "arac_kullanimi", "arac_kullanimi\arac_kullanimi.csproj", "{CD7A9EC4-192D-40AB-A894-C30657287483}"
EndProject
Global
	GlobalSection(SolutionConfigurationPlatforms) = preSolution
		Debug|Any CPU = Debug|Any CPU
		Release|Any CPU = Release|Any CPU
	EndGlobalSection
	GlobalSection(ProjectConfigurationPlatforms) = postSolution
		{CD7A9EC4-192D-40AB-A894-C30657287483}.Debug|Any CPU.ActiveCfg = Debug|Any CPU
		{CD7A9EC4-192D-40AB-A894-C30657287483}.Debug|Any CPU.Build.0 = Debug|Any CPU
		{CD7A9EC4-192D-40AB-A894-C30657287483}.Release|Any CPU.ActiveCfg = Release|Any CPU
		{CD7A9EC4-192D-40AB-A894-C30657287483}.Release|Any CPU.Build.0 = Release|Any CPU
	EndGlobalSection
	GlobalSection(SolutionProperties) = preSolution
		HideSolutionNode = FALSE
	EndGlobalSection
	GlobalSection(ExtensibilityGlobals) = postSolution
		SolutionGuid = {EAEEE380-99A4-4BF9-B01C-0BD76A8ED1CE}
	EndGlobalSection
EndGlobal
