
Microsoft Visual Studio Solution File, Format Version 12.00
# Visual Studio Version 17
VisualStudioVersion = 17.5.33414.496
MinimumVisualStudioVersion = 10.0.40219.1
Project("{FAE04EC0-301F-11D3-BF4B-00C04F79EFBC}") = "consturctor2", "consturctor2\consturctor2.csproj", "{242C1737-B53E-4838-85F1-5B1849E2BFE8}"
EndProject
Global
	GlobalSection(SolutionConfigurationPlatforms) = preSolution
		Debug|Any CPU = Debug|Any CPU
		Release|Any CPU = Release|Any CPU
	EndGlobalSection
	GlobalSection(ProjectConfigurationPlatforms) = postSolution
		{242C1737-B53E-4838-85F1-5B1849E2BFE8}.Debug|Any CPU.ActiveCfg = Debug|Any CPU
		{242C1737-B53E-4838-85F1-5B1849E2BFE8}.Debug|Any CPU.Build.0 = Debug|Any CPU
		{242C1737-B53E-4838-85F1-5B1849E2BFE8}.Release|Any CPU.ActiveCfg = Release|Any CPU
		{242C1737-B53E-4838-85F1-5B1849E2BFE8}.Release|Any CPU.Build.0 = Release|Any CPU
	EndGlobalSection
	GlobalSection(SolutionProperties) = preSolution
		HideSolutionNode = FALSE
	EndGlobalSection
	GlobalSection(ExtensibilityGlobals) = postSolution
		SolutionGuid = {A3101514-7460-442C-850D-C0013CD4AAD5}
	EndGlobalSection
EndGlobal
