
Microsoft Visual Studio Solution File, Format Version 12.00
# Visual Studio Version 17
VisualStudioVersion = 17.5.33414.496
MinimumVisualStudioVersion = 10.0.40219.1
Project("{FAE04EC0-301F-11D3-BF4B-00C04F79EFBC}") = "exercise", "exercise\exercise.csproj", "{3B10CE70-9999-4045-AD2D-8FD396F1E042}"
EndProject
Global
	GlobalSection(SolutionConfigurationPlatforms) = preSolution
		Debug|Any CPU = Debug|Any CPU
		Release|Any CPU = Release|Any CPU
	EndGlobalSection
	GlobalSection(ProjectConfigurationPlatforms) = postSolution
		{3B10CE70-9999-4045-AD2D-8FD396F1E042}.Debug|Any CPU.ActiveCfg = Debug|Any CPU
		{3B10CE70-9999-4045-AD2D-8FD396F1E042}.Debug|Any CPU.Build.0 = Debug|Any CPU
		{3B10CE70-9999-4045-AD2D-8FD396F1E042}.Release|Any CPU.ActiveCfg = Release|Any CPU
		{3B10CE70-9999-4045-AD2D-8FD396F1E042}.Release|Any CPU.Build.0 = Release|Any CPU
	EndGlobalSection
	GlobalSection(SolutionProperties) = preSolution
		HideSolutionNode = FALSE
	EndGlobalSection
	GlobalSection(ExtensibilityGlobals) = postSolution
		SolutionGuid = {47567187-82AB-4119-88C8-76CF51CB6798}
	EndGlobalSection
EndGlobal
