
Microsoft Visual Studio Solution File, Format Version 12.00
# Visual Studio Version 17
VisualStudioVersion = 17.5.33414.496
MinimumVisualStudioVersion = 10.0.40219.1
Project("{FAE04EC0-301F-11D3-BF4B-00C04F79EFBC}") = "context_menu", "context_menu\context_menu.csproj", "{B9B22301-B3CF-42F7-94B5-FA8225A62FFA}"
EndProject
Global
	GlobalSection(SolutionConfigurationPlatforms) = preSolution
		Debug|Any CPU = Debug|Any CPU
		Release|Any CPU = Release|Any CPU
	EndGlobalSection
	GlobalSection(ProjectConfigurationPlatforms) = postSolution
		{B9B22301-B3CF-42F7-94B5-FA8225A62FFA}.Debug|Any CPU.ActiveCfg = Debug|Any CPU
		{B9B22301-B3CF-42F7-94B5-FA8225A62FFA}.Debug|Any CPU.Build.0 = Debug|Any CPU
		{B9B22301-B3CF-42F7-94B5-FA8225A62FFA}.Release|Any CPU.ActiveCfg = Release|Any CPU
		{B9B22301-B3CF-42F7-94B5-FA8225A62FFA}.Release|Any CPU.Build.0 = Release|Any CPU
	EndGlobalSection
	GlobalSection(SolutionProperties) = preSolution
		HideSolutionNode = FALSE
	EndGlobalSection
	GlobalSection(ExtensibilityGlobals) = postSolution
		SolutionGuid = {C5F4DB25-D53F-469D-BE2F-8A123D9416F0}
	EndGlobalSection
EndGlobal
